
Microsoft Visual Studio Solution File, Format Version 10.00
# Visual C# Express 2008
Project("{FAE04EC0-301F-11D3-BF4B-00C04F79EFBC}") = "HS.Controls.Tree", "HS.Controls.Tree\HS.Controls.Tree.csproj", "{BCFFECCA-BC60-4571-B03F-05408106E597}"
EndProject
Project("{FAE04EC0-301F-11D3-BF4B-00C04F79EFBC}") = "SampleApp", "SampleApp\SampleApp.csproj", "{8BDA1171-0FF7-424D-A5A4-27AAA77F54B2}"
EndProject
Project("{FAE04EC0-301F-11D3-BF4B-00C04F79EFBC}") = "HS.Controls.Tree.Base", "HS.Controls.Tree.Base\HS.Controls.Tree.Base.csproj", "{4F817483-4948-41F5-9198-0AEC52119CF7}"
EndProject
Project("{FAE04EC0-301F-11D3-BF4B-00C04F79EFBC}") = "UnitTests", "UnitTests\UnitTests.csproj", "{B7A7D1A1-247A-4A8F-9870-AF59C4B5E078}"
EndProject
Global
	GlobalSection(SolutionConfigurationPlatforms) = preSolution
		Debug|Any CPU = Debug|Any CPU
		Release|Any CPU = Release|Any CPU
	EndGlobalSection
	GlobalSection(ProjectConfigurationPlatforms) = postSolution
		{BCFFECCA-BC60-4571-B03F-05408106E597}.Debug|Any CPU.ActiveCfg = Debug|Any CPU
		{BCFFECCA-BC60-4571-B03F-05408106E597}.Debug|Any CPU.Build.0 = Debug|Any CPU
		{BCFFECCA-BC60-4571-B03F-05408106E597}.Release|Any CPU.ActiveCfg = Release|Any CPU
		{BCFFECCA-BC60-4571-B03F-05408106E597}.Release|Any CPU.Build.0 = Release|Any CPU
		{8BDA1171-0FF7-424D-A5A4-27AAA77F54B2}.Debug|Any CPU.ActiveCfg = Debug|Any CPU
		{8BDA1171-0FF7-424D-A5A4-27AAA77F54B2}.Debug|Any CPU.Build.0 = Debug|Any CPU
		{8BDA1171-0FF7-424D-A5A4-27AAA77F54B2}.Release|Any CPU.ActiveCfg = Release|Any CPU
		{8BDA1171-0FF7-424D-A5A4-27AAA77F54B2}.Release|Any CPU.Build.0 = Release|Any CPU
		{4F817483-4948-41F5-9198-0AEC52119CF7}.Debug|Any CPU.ActiveCfg = Debug|Any CPU
		{4F817483-4948-41F5-9198-0AEC52119CF7}.Debug|Any CPU.Build.0 = Debug|Any CPU
		{4F817483-4948-41F5-9198-0AEC52119CF7}.Release|Any CPU.ActiveCfg = Release|Any CPU
		{4F817483-4948-41F5-9198-0AEC52119CF7}.Release|Any CPU.Build.0 = Release|Any CPU
		{B7A7D1A1-247A-4A8F-9870-AF59C4B5E078}.Debug|Any CPU.ActiveCfg = Debug|Any CPU
		{B7A7D1A1-247A-4A8F-9870-AF59C4B5E078}.Debug|Any CPU.Build.0 = Debug|Any CPU
		{B7A7D1A1-247A-4A8F-9870-AF59C4B5E078}.Release|Any CPU.ActiveCfg = Release|Any CPU
		{B7A7D1A1-247A-4A8F-9870-AF59C4B5E078}.Release|Any CPU.Build.0 = Release|Any CPU
	EndGlobalSection
	GlobalSection(SolutionProperties) = preSolution
		HideSolutionNode = FALSE
	EndGlobalSection
EndGlobal
